[[package]]
name = "altgraph"
version = "0.17.3"
description = "Python graph (network) package"
category = "main"
optional = false
python-versions = "*"

[[package]]
name = "future"
version = "0.18.2"
description = "Clean single-source support for Python 3 and 2"
category = "main"
optional = false
python-versions = ">=2.6, !=3.0.*, !=3.1.*, !=3.2.*"

[[package]]
name = "macholib"
version = "1.16.2"
description = "Mach-O header analysis and editing"
category = "main"
optional = false
python-versions = "*"

[package.dependencies]
altgraph = ">=0.17"

[[package]]
name = "pefile"
version = "2022.5.30"
description = "Python PE parsing module"
category = "main"
optional = false
python-versions = ">=3.6.0"

[package.dependencies]
future = "*"

[[package]]
name = "pydantic"
version = "1.10.2"
description = "Data validation and settings management using python type hints"
category = "main"
optional = false
python-versions = ">=3.7"

[package.dependencies]
typing-extensions = ">=4.1.0"

[package.extras]
dotenv = ["python-dotenv (>=0.10.4)"]
email = ["email-validator (>=1.0.3)"]

[[package]]
name = "pyinstaller"
version = "5.7.0"
description = "PyInstaller bundles a Python application and all its dependencies into a single package."
category = "main"
optional = false
python-versions = "<3.12,>=3.7"

[package.dependencies]
altgraph = "*"
macholib = {version = ">=1.8", markers = "sys_platform == \"darwin\""}
pefile = {version = ">=2022.5.30", markers = "sys_platform == \"win32\""}
pyinstaller-hooks-contrib = ">=2021.4"
pywin32-ctypes = {version = ">=0.2.0", markers = "sys_platform == \"win32\""}
setuptools = ">=42.0.0"

[package.extras]
encryption = ["tinyaes (>=1.0.0)"]
hook-testing = ["execnet (>=1.5.0)", "psutil", "pytest (>=2.7.3)"]

[[package]]
name = "pyinstaller-hooks-contrib"
version = "2022.14"
description = "Community maintained hooks for PyInstaller"
category = "main"
optional = false
python-versions = ">=3.7"

[[package]]
name = "pyqt6"
version = "6.4.0"
description = "Python bindings for the Qt cross platform application toolkit"
category = "main"
optional = false
python-versions = ">=3.6.1"

[package.dependencies]
PyQt6-Qt6 = ">=6.4.0"
PyQt6-sip = ">=13.4,<14"

[[package]]
name = "pyqt6-qt6"
version = "6.4.1"
description = "The subset of a Qt installation needed by PyQt6."
category = "main"
optional = false
python-versions = "*"

[[package]]
name = "pyqt6-sip"
version = "13.4.0"
description = "The sip module support for PyQt6"
category = "main"
optional = false
python-versions = ">=3.7"

[[package]]
name = "python-dotenv"
version = "0.21.0"
description = "Read key-value pairs from a .env file and set them as environment variables"
category = "main"
optional = false
python-versions = ">=3.7"

[package.extras]
cli = ["click (>=5.0)"]

[[package]]
name = "pywin32-ctypes"
version = "0.2.0"
description = ""
category = "main"
optional = false
python-versions = "*"

[[package]]
name = "setuptools"
version = "65.6.3"
description = "Easily download, build, install, upgrade, and uninstall Python packages"
category = "main"
optional = false
python-versions = ">=3.7"

[package.extras]
docs = ["furo", "jaraco.packaging (>=9)", "jaraco.tidelift (>=1.4)", "pygments-github-lexers (==0.0.5)", "rst.linker (>=1.9)", "sphinx (>=3.5)", "sphinx-favicon", "sphinx-hoverxref (<2)", "sphinx-inline-tabs", "sphinx-notfound-page (==0.8.3)", "sphinx-reredirects", "sphinxcontrib-towncrier"]
testing = ["build[virtualenv]", "filelock (>=3.4.0)", "flake8 (<5)", "flake8-2020", "ini2toml[lite] (>=0.9)", "jaraco.envs (>=2.2)", "jaraco.path (>=3.2.0)", "pip (>=19.1)", "pip-run (>=8.8)", "pytest (>=6)", "pytest-black (>=0.3.7)", "pytest-checkdocs (>=2.4)", "pytest-cov", "pytest-enabler (>=1.3)", "pytest-flake8", "pytest-mypy (>=0.9.1)", "pytest-perf", "pytest-timeout", "pytest-xdist", "tomli-w (>=1.0.0)", "virtualenv (>=13.0.0)", "wheel"]
testing-integration = ["build[virtualenv]", "filelock (>=3.4.0)", "jaraco.envs (>=2.2)", "jaraco.path (>=3.2.0)", "pytest", "pytest-enabler", "pytest-xdist", "tomli", "virtualenv (>=13.0.0)", "wheel"]

[[package]]
name = "typing-extensions"
version = "4.4.0"
description = "Backported and Experimental Type Hints for Python 3.7+"
category = "main"
optional = false
python-versions = ">=3.7"

[metadata]
lock-version = "1.1"
python-versions = ">=3.9, <3.10"
content-hash = "49033b8bd786843b8aa106620b81d7e680be0dcb45f764072b96b36da62329f1"

[metadata.files]
altgraph = [
    {file = "altgraph-0.17.3-py2.py3-none-any.whl", hash = "sha256:c8ac1ca6772207179ed8003ce7687757c04b0b71536f81e2ac5755c6226458fe"},
    {file = "altgraph-0.17.3.tar.gz", hash = "sha256:ad33358114df7c9416cdb8fa1eaa5852166c505118717021c6a8c7c7abbd03dd"},
]
future = [
    {file = "future-0.18.2.tar.gz", hash = "sha256:b1bead90b70cf6ec3f0710ae53a525360fa360d306a86583adc6bf83a4db537d"},
]
macholib = [
    {file = "macholib-1.16.2-py2.py3-none-any.whl", hash = "sha256:44c40f2cd7d6726af8fa6fe22549178d3a4dfecc35a9cd15ea916d9c83a688e0"},
    {file = "macholib-1.16.2.tar.gz", hash = "sha256:557bbfa1bb255c20e9abafe7ed6cd8046b48d9525db2f9b77d3122a63a2a8bf8"},
]
pefile = [
    {file = "pefile-2022.5.30.tar.gz", hash = "sha256:a5488a3dd1fd021ce33f969780b88fe0f7eebb76eb20996d7318f307612a045b"},
]
pydantic = [
    {file = "pydantic-1.10.2-cp310-cp310-macosx_10_9_x86_64.whl", hash = "sha256:bb6ad4489af1bac6955d38ebcb95079a836af31e4c4f74aba1ca05bb9f6027bd"},
    {file = "pydantic-1.10.2-cp310-cp310-macosx_11_0_arm64.whl", hash = "sha256:a1f5a63a6dfe19d719b1b6e6106561869d2efaca6167f84f5ab9347887d78b98"},
    {file = "pydantic-1.10.2-cp310-cp310-manylinux_2_17_x86_64.manylinux2014_x86_64.whl", hash = "sha256:352aedb1d71b8b0736c6d56ad2bd34c6982720644b0624462059ab29bd6e5912"},
    {file = "pydantic-1.10.2-cp310-cp310-manylinux_2_5_i686.manylinux1_i686.manylinux_2_17_i686.manylinux2014_i686.whl", hash = "sha256:19b3b9ccf97af2b7519c42032441a891a5e05c68368f40865a90eb88833c2559"},
    {file = "pydantic-1.10.2-cp310-cp310-musllinux_1_1_i686.whl", hash = "sha256:e9069e1b01525a96e6ff49e25876d90d5a563bc31c658289a8772ae186552236"},
    {file = "pydantic-1.10.2-cp310-cp310-musllinux_1_1_x86_64.whl", hash = "sha256:355639d9afc76bcb9b0c3000ddcd08472ae75318a6eb67a15866b87e2efa168c"},
    {file = "pydantic-1.10.2-cp310-cp310-win_amd64.whl", hash = "sha256:ae544c47bec47a86bc7d350f965d8b15540e27e5aa4f55170ac6a75e5f73b644"},
    {file = "pydantic-1.10.2-cp311-cp311-macosx_10_9_x86_64.whl", hash = "sha256:a4c805731c33a8db4b6ace45ce440c4ef5336e712508b4d9e1aafa617dc9907f"},
    {file = "pydantic-1.10.2-cp311-cp311-macosx_11_0_arm64.whl", hash = "sha256:d49f3db871575e0426b12e2f32fdb25e579dea16486a26e5a0474af87cb1ab0a"},
    {file = "pydantic-1.10.2-cp311-cp311-manylinux_2_17_x86_64.manylinux2014_x86_64.whl", hash = "sha256:37c90345ec7dd2f1bcef82ce49b6235b40f282b94d3eec47e801baf864d15525"},
    {file = "pydantic-1.10.2-cp311-cp311-manylinux_2_5_i686.manylinux1_i686.manylinux_2_17_i686.manylinux2014_i686.whl", hash = "sha256:7b5ba54d026c2bd2cb769d3468885f23f43710f651688e91f5fb1edcf0ee9283"},
    {file = "pydantic-1.10.2-cp311-cp311-musllinux_1_1_i686.whl", hash = "sha256:05e00dbebbe810b33c7a7362f231893183bcc4251f3f2ff991c31d5c08240c42"},
    {file = "pydantic-1.10.2-cp311-cp311-musllinux_1_1_x86_64.whl", hash = "sha256:2d0567e60eb01bccda3a4df01df677adf6b437958d35c12a3ac3e0f078b0ee52"},
    {file = "pydantic-1.10.2-cp311-cp311-win_amd64.whl", hash = "sha256:c6f981882aea41e021f72779ce2a4e87267458cc4d39ea990729e21ef18f0f8c"},
    {file = "pydantic-1.10.2-cp37-cp37m-macosx_10_9_x86_64.whl", hash = "sha256:c4aac8e7103bf598373208f6299fa9a5cfd1fc571f2d40bf1dd1955a63d6eeb5"},
    {file = "pydantic-1.10.2-cp37-cp37m-manylinux_2_17_x86_64.manylinux2014_x86_64.whl", hash = "sha256:81a7b66c3f499108b448f3f004801fcd7d7165fb4200acb03f1c2402da73ce4c"},
    {file = "pydantic-1.10.2-cp37-cp37m-manylinux_2_5_i686.manylinux1_i686.manylinux_2_17_i686.manylinux2014_i686.whl", hash = "sha256:bedf309630209e78582ffacda64a21f96f3ed2e51fbf3962d4d488e503420254"},
    {file = "pydantic-1.10.2-cp37-cp37m-musllinux_1_1_i686.whl", hash = "sha256:9300fcbebf85f6339a02c6994b2eb3ff1b9c8c14f502058b5bf349d42447dcf5"},
    {file = "pydantic-1.10.2-cp37-cp37m-musllinux_1_1_x86_64.whl", hash = "sha256:216f3bcbf19c726b1cc22b099dd409aa371f55c08800bcea4c44c8f74b73478d"},
    {file = "pydantic-1.10.2-cp37-cp37m-win_amd64.whl", hash = "sha256:dd3f9a40c16daf323cf913593083698caee97df2804aa36c4b3175d5ac1b92a2"},
    {file = "pydantic-1.10.2-cp38-cp38-macosx_10_9_x86_64.whl", hash = "sha256:b97890e56a694486f772d36efd2ba31612739bc6f3caeee50e9e7e3ebd2fdd13"},
    {file = "pydantic-1.10.2-cp38-cp38-macosx_11_0_arm64.whl", hash = "sha256:9cabf4a7f05a776e7793e72793cd92cc865ea0e83a819f9ae4ecccb1b8aa6116"},
    {file = "pydantic-1.10.2-cp38-cp38-manylinux_2_17_x86_64.manylinux2014_x86_64.whl", hash = "sha256:06094d18dd5e6f2bbf93efa54991c3240964bb663b87729ac340eb5014310624"},
    {file = "pydantic-1.10.2-cp38-cp38-manylinux_2_5_i686.manylinux1_i686.manylinux_2_17_i686.manylinux2014_i686.whl", hash = "sha256:cc78cc83110d2f275ec1970e7a831f4e371ee92405332ebfe9860a715f8336e1"},
    {file = "pydantic-1.10.2-cp38-cp38-musllinux_1_1_i686.whl", hash = "sha256:1ee433e274268a4b0c8fde7ad9d58ecba12b069a033ecc4645bb6303c062d2e9"},
    {file = "pydantic-1.10.2-cp38-cp38-musllinux_1_1_x86_64.whl", hash = "sha256:7c2abc4393dea97a4ccbb4ec7d8658d4e22c4765b7b9b9445588f16c71ad9965"},
    {file = "pydantic-1.10.2-cp38-cp38-win_amd64.whl", hash = "sha256:0b959f4d8211fc964772b595ebb25f7652da3f22322c007b6fed26846a40685e"},
    {file = "pydantic-1.10.2-cp39-cp39-macosx_10_9_x86_64.whl", hash = "sha256:c33602f93bfb67779f9c507e4d69451664524389546bacfe1bee13cae6dc7488"},
    {file = "pydantic-1.10.2-cp39-cp39-macosx_11_0_arm64.whl", hash = "sha256:5760e164b807a48a8f25f8aa1a6d857e6ce62e7ec83ea5d5c5a802eac81bad41"},
    {file = "pydantic-1.10.2-cp39-cp39-manylinux_2_17_x86_64.manylinux2014_x86_64.whl", hash = "sha256:6eb843dcc411b6a2237a694f5e1d649fc66c6064d02b204a7e9d194dff81eb4b"},
    {file = "pydantic-1.10.2-cp39-cp39-manylinux_2_5_i686.manylinux1_i686.manylinux_2_17_i686.manylinux2014_i686.whl", hash = "sha256:4b8795290deaae348c4eba0cebb196e1c6b98bdbe7f50b2d0d9a4a99716342fe"},
    {file = "pydantic-1.10.2-cp39-cp39-musllinux_1_1_i686.whl", hash = "sha256:e0bedafe4bc165ad0a56ac0bd7695df25c50f76961da29c050712596cf092d6d"},
    {file = "pydantic-1.10.2-cp39-cp39-musllinux_1_1_x86_64.whl", hash = "sha256:2e05aed07fa02231dbf03d0adb1be1d79cabb09025dd45aa094aa8b4e7b9dcda"},
    {file = "pydantic-1.10.2-cp39-cp39-win_amd64.whl", hash = "sha256:c1ba1afb396148bbc70e9eaa8c06c1716fdddabaf86e7027c5988bae2a829ab6"},
    {file = "pydantic-1.10.2-py3-none-any.whl", hash = "sha256:1b6ee725bd6e83ec78b1aa32c5b1fa67a3a65badddde3976bca5fe4568f27709"},
    {file = "pydantic-1.10.2.tar.gz", hash = "sha256:91b8e218852ef6007c2b98cd861601c6a09f1aa32bbbb74fab5b1c33d4a1e410"},
]
pyinstaller = [
    {file = "pyinstaller-5.7.0-py3-none-macosx_10_13_universal2.whl", hash = "sha256:b967ae71ab7b05e18608dbb4518da5afa54f0835927cb7a5ce52ab8fffed03b6"},
    {file = "pyinstaller-5.7.0-py3-none-manylinux2014_aarch64.whl", hash = "sha256:3180b9bf22263380adc5e2ee051b7c21463292877215bbe70c9155dc76f4b966"},
    {file = "pyinstaller-5.7.0-py3-none-manylinux2014_i686.whl", hash = "sha256:0f80e2403e76630ad3392c71f09c1a4284e8d8a8a99fb55ff3a0aba0e06300ed"},
    {file = "pyinstaller-5.7.0-py3-none-manylinux2014_ppc64le.whl", hash = "sha256:2c1dd9d11cfc48bab61eeb06de69a3d1ad742bbb2ef14716965ca0333dd43a5b"},
    {file = "pyinstaller-5.7.0-py3-none-manylinux2014_s390x.whl", hash = "sha256:dfc12e92fe10ae645dd0dd1fcfa4cd7677b2e96119e3cd4980d742e09bb78925"},
    {file = "pyinstaller-5.7.0-py3-none-manylinux2014_x86_64.whl", hash = "sha256:f35f06d48faea0ad738429c009941059beebaa306e9d9ead95f1df4b441de2aa"},
    {file = "pyinstaller-5.7.0-py3-none-musllinux_1_1_aarch64.whl", hash = "sha256:28a8a0da656493aa32d9665e2f6f84775da0f23174859ed8facaa4226fe77a17"},
    {file = "pyinstaller-5.7.0-py3-none-musllinux_1_1_x86_64.whl", hash = "sha256:1ac3f09b838710c43e34b0a7ad003bd168a754b0b786c561b47baf1af9104354"},
    {file = "pyinstaller-5.7.0-py3-none-win32.whl", hash = "sha256:9cdb8ee8622ee8d2c6cd67f001b610019d4371a8bf3f7850562640ce786894d7"},
    {file = "pyinstaller-5.7.0-py3-none-win_amd64.whl", hash = "sha256:9b47c10fbefac6f6493266f8b1689109b2b14efa9142dbd2cd7549226a4568b7"},
    {file = "pyinstaller-5.7.0-py3-none-win_arm64.whl", hash = "sha256:3e51e18a16dec0414079762843cf892a5d70749ad56ca7b3c7b5f8367dc50b1e"},
    {file = "pyinstaller-5.7.0.tar.gz", hash = "sha256:0e5953937d35f0b37543cc6915dacaf3239bcbdf3fd3ecbb7866645468a16775"},
]
pyinstaller-hooks-contrib = [
    {file = "pyinstaller-hooks-contrib-2022.14.tar.gz", hash = "sha256:5ae8da3a92cf20e37b3e00604d0c3468896e7d746e5c1449473597a724331b0b"},
    {file = "pyinstaller_hooks_contrib-2022.14-py2.py3-none-any.whl", hash = "sha256:1a125838a22d7b35a18993c6e56d3c5cc3ad7da00954f95bc5606523939203f2"},
]
pyqt6 = [
    {file = "PyQt6-6.4.0-cp37-abi3-macosx_10_14_universal2.whl", hash = "sha256:8e614cc4b95dec8bec8ba3c3eaf821058b45862e66d69a8c4fb5576123f2be98"},
    {file = "PyQt6-6.4.0-cp37-abi3-manylinux_2_28_x86_64.whl", hash = "sha256:79d093ce97010eac92e83a4e8efe231328af9ec757ba78c77e46ca1e007eca0d"},
    {file = "PyQt6-6.4.0-cp37-abi3-win_amd64.whl", hash = "sha256:37e399420866fff5c5bd49f56710dffd3a7a126afc6612b877d666f381bd554f"},
    {file = "PyQt6-6.4.0.tar.gz", hash = "sha256:91392469be1f491905fa9e78fa4e4059a89ab616ddf2ecfd525bc1d65c26bb93"},
]
pyqt6-qt6 = [
    {file = "PyQt6_Qt6-6.4.1-py3-none-macosx_10_14_x86_64.whl", hash = "sha256:b47087932f10cc39dab63cd0d2d23d7e3e204547c5e6559adfe58d665fa8ee4f"},
    {file = "PyQt6_Qt6-6.4.1-py3-none-macosx_11_0_arm64.whl", hash = "sha256:0de4aebdc469c61a36d43b868f4b45d89bb94aaf13779ed5c0080da4b416997c"},
    {file = "PyQt6_Qt6-6.4.1-py3-none-manylinux_2_28_x86_64.whl", hash = "sha256:791e9f0115bdc9ff22bf807b573393f2b9f7e2d1f07fc2d8351350ca141ebaf1"},
    {file = "PyQt6_Qt6-6.4.1-py3-none-win_amd64.whl", hash = "sha256:31a4557fed53e96feedae46624e420bafd261c0c01d92a1a1aad2c1646144f56"},
]
pyqt6-sip = [
    {file = "PyQt6_sip-13.4.0-cp310-cp310-macosx_10_9_universal2.whl", hash = "sha256:3ac7e0800180202dcc0c7035ff88c2a6f4a0f5acb20c4a19f71d807d0f7857b7"},
    {file = "PyQt6_sip-13.4.0-cp310-cp310-manylinux1_x86_64.whl", hash = "sha256:bb4f2e2fdcf3a8dafe4256750bbedd9e7107c4fd8afa9c25be28423c36bb12b8"},
    {file = "PyQt6_sip-13.4.0-cp310-cp310-win_amd64.whl", hash = "sha256:de601187055d684b36ebe6e800a5deacaa55b69d71ad43312b76422cfeae0e12"},
    {file = "PyQt6_sip-13.4.0-cp311-cp311-macosx_10_9_universal2.whl", hash = "sha256:e3b17308ca729bcb6d25c01144c6b2e17d40812231c3ef9caaa72a78db2b1069"},
    {file = "PyQt6_sip-13.4.0-cp311-cp311-manylinux_2_5_x86_64.manylinux1_x86_64.whl", hash = "sha256:d51704d50b82713fd7c928b7deb31e17be239ddac74fc2fd708e52bd21ecea3a"},
    {file = "PyQt6_sip-13.4.0-cp311-cp311-win_amd64.whl", hash = "sha256:77af9c7e3f50414ec5af9b1534aaf2ba25115ae65aa5ed735111c8ef0884b862"},
    {file = "PyQt6_sip-13.4.0-cp37-cp37m-macosx_10_9_x86_64.whl", hash = "sha256:83b446d247a92d119d507dbc94fc1f47389d8118a5b6232a2859951157319a30"},
    {file = "PyQt6_sip-13.4.0-cp37-cp37m-manylinux1_x86_64.whl", hash = "sha256:802b0cfed19900183220c46895c2635f0dd062f2d275a25506423f911ef74db4"},
    {file = "PyQt6_sip-13.4.0-cp37-cp37m-win_amd64.whl", hash = "sha256:2694ae67811cefb6ea3ee0e9995755b45e4952f4dcadec8c04300fd828f91c75"},
    {file = "PyQt6_sip-13.4.0-cp38-cp38-macosx_10_9_x86_64.whl", hash = "sha256:9e03c780846fd5d71c06e33322fd11a05713d9cd410e3571d069ac9a84077647"},
    {file = "PyQt6_sip-13.4.0-cp38-cp38-manylinux1_x86_64.whl", hash = "sha256:9c5231536e6153071b22175e46e368045fd08d772a90d772a0977d1166c7822c"},
    {file = "PyQt6_sip-13.4.0-cp38-cp38-win_amd64.whl", hash = "sha256:cfdcd43e123bd55c155cfe7a33895033e6d25de90a48ed9c25a0ddd0196a810e"},
    {file = "PyQt6_sip-13.4.0-cp39-cp39-macosx_10_9_universal2.whl", hash = "sha256:3de18c4a32f717a351d560a39f528af24077f5135aacfa8890a2f2d79f0633da"},
    {file = "PyQt6_sip-13.4.0-cp39-cp39-manylinux1_x86_64.whl", hash = "sha256:fd2df2a9479b8ac858117bd55dc0ec0bd1ce6c8f3486b0cc5e860c0540a8bba0"},
    {file = "PyQt6_sip-13.4.0-cp39-cp39-win_amd64.whl", hash = "sha256:3486914137f5336cff6e10a5e9d52c1e60ff883473938b45f267f794daeacb2f"},
    {file = "PyQt6_sip-13.4.0.tar.gz", hash = "sha256:6d87a3ee5872d7511b76957d68a32109352caf3b7a42a01d9ee20032b350d979"},
]
python-dotenv = [
    {file = "python-dotenv-0.21.0.tar.gz", hash = "sha256:b77d08274639e3d34145dfa6c7008e66df0f04b7be7a75fd0d5292c191d79045"},
    {file = "python_dotenv-0.21.0-py3-none-any.whl", hash = "sha256:1684eb44636dd462b66c3ee016599815514527ad99965de77f43e0944634a7e5"},
]
pywin32-ctypes = [
    {file = "pywin32-ctypes-0.2.0.tar.gz", hash = "sha256:24ffc3b341d457d48e8922352130cf2644024a4ff09762a2261fd34c36ee5942"},
    {file = "pywin32_ctypes-0.2.0-py2.py3-none-any.whl", hash = "sha256:9dc2d991b3479cc2df15930958b674a48a227d5361d413827a4cfd0b5876fc98"},
]
setuptools = [
    {file = "setuptools-65.6.3-py3-none-any.whl", hash = "sha256:57f6f22bde4e042978bcd50176fdb381d7c21a9efa4041202288d3737a0c6a54"},
    {file = "setuptools-65.6.3.tar.gz", hash = "sha256:a7620757bf984b58deaf32fc8a4577a9bbc0850cf92c20e1ce41c38c19e5fb75"},
]
typing-extensions = [
    {file = "typing_extensions-4.4.0-py3-none-any.whl", hash = "sha256:16fa4864408f655d35ec496218b85f79b3437c829e93320c7c9215ccfd92489e"},
    {file = "typing_extensions-4.4.0.tar.gz", hash = "sha256:1511434bb92bf8dd198c12b1cc812e800d4181cfcb867674e0f8279cc93087aa"},
]
